
Microsoft Visual Studio Solution File, Format Version 12.00
# Visual Studio Version 17
VisualStudioVersion = 17.0.31903.59
MinimumVisualStudioVersion = 10.0.40219.1
Project("{FAE04EC0-301F-11D3-BF4B-00C04F79EFBC}") = "ServiceA", "ServiceA\ServiceA.csproj", "{DDE01B97-A626-46D5-B55D-E633F475BDF0}"
EndProject
Project("{FAE04EC0-301F-11D3-BF4B-00C04F79EFBC}") = "ServiceB", "ServiceB\ServiceB.csproj", "{29E2170A-BCEA-40F0-B1FE-A10B4C67A2DF}"
EndProject
Project("{FAE04EC0-301F-11D3-BF4B-00C04F79EFBC}") = "Gateway", "Gateway\Gateway.csproj", "{63DB5F2C-8A6E-4200-89BF-4975D63E52D3}"
EndProject
Project("{2150E333-8FDC-42A3-9474-1A3956D46DE8}") = "Services", "Services", "{02EA681E-C7D8-13C7-8484-4AC65E1B71E8}"
EndProject
Global
	GlobalSection(SolutionConfigurationPlatforms) = preSolution
		Debug|Any CPU = Debug|Any CPU
		Release|Any CPU = Release|Any CPU
	EndGlobalSection
	GlobalSection(ProjectConfigurationPlatforms) = postSolution
		{DDE01B97-A626-46D5-B55D-E633F475BDF0}.Debug|Any CPU.ActiveCfg = Debug|Any CPU
		{DDE01B97-A626-46D5-B55D-E633F475BDF0}.Debug|Any CPU.Build.0 = Debug|Any CPU
		{DDE01B97-A626-46D5-B55D-E633F475BDF0}.Release|Any CPU.ActiveCfg = Release|Any CPU
		{DDE01B97-A626-46D5-B55D-E633F475BDF0}.Release|Any CPU.Build.0 = Release|Any CPU
		{29E2170A-BCEA-40F0-B1FE-A10B4C67A2DF}.Debug|Any CPU.ActiveCfg = Debug|Any CPU
		{29E2170A-BCEA-40F0-B1FE-A10B4C67A2DF}.Debug|Any CPU.Build.0 = Debug|Any CPU
		{29E2170A-BCEA-40F0-B1FE-A10B4C67A2DF}.Release|Any CPU.ActiveCfg = Release|Any CPU
		{29E2170A-BCEA-40F0-B1FE-A10B4C67A2DF}.Release|Any CPU.Build.0 = Release|Any CPU
		{63DB5F2C-8A6E-4200-89BF-4975D63E52D3}.Debug|Any CPU.ActiveCfg = Debug|Any CPU
		{63DB5F2C-8A6E-4200-89BF-4975D63E52D3}.Debug|Any CPU.Build.0 = Debug|Any CPU
		{63DB5F2C-8A6E-4200-89BF-4975D63E52D3}.Release|Any CPU.ActiveCfg = Release|Any CPU
		{63DB5F2C-8A6E-4200-89BF-4975D63E52D3}.Release|Any CPU.Build.0 = Release|Any CPU
	EndGlobalSection
	GlobalSection(SolutionProperties) = preSolution
		HideSolutionNode = FALSE
	EndGlobalSection
	GlobalSection(NestedProjects) = preSolution
		{DDE01B97-A626-46D5-B55D-E633F475BDF0} = {02EA681E-C7D8-13C7-8484-4AC65E1B71E8}
		{29E2170A-BCEA-40F0-B1FE-A10B4C67A2DF} = {02EA681E-C7D8-13C7-8484-4AC65E1B71E8}
	EndGlobalSection
	GlobalSection(ExtensibilityGlobals) = postSolution
		SolutionGuid = {9792483A-F2FD-4217-A8B5-AA36C657B028}
	EndGlobalSection
EndGlobal
